
Microsoft Visual Studio Solution File, Format Version 12.00
# Visual Studio 15
VisualStudioVersion = 15.0.28307.489
MinimumVisualStudioVersion = 10.0.40219.1
Project("{9092AA53-FB77-4645-B42D-1CCCA6BD08BD}") = "FilmStudio", "FilmStudio\FilmStudio.njsproj", "{EF367BBF-4AD5-41DD-B77D-CEBF68C465CB}"
EndProject
Project("{9092AA53-FB77-4645-B42D-1CCCA6BD08BD}") = "Heroes", "Heroes\Heroes.njsproj", "{275BBEF4-CCDC-4236-B2B3-5C5A4285AC63}"
EndProject
Project("{9092AA53-FB77-4645-B42D-1CCCA6BD08BD}") = "Hotel", "Hotel\Hotel.njsproj", "{40BB26DA-8057-414D-B17F-2D287741A981}"
EndProject
Project("{9092AA53-FB77-4645-B42D-1CCCA6BD08BD}") = "SoftUniCourses", "SoftUniCourses\SoftUniCourses.njsproj", "{E209FA2C-0A18-48D6-BDE6-E21EA7F75569}"
EndProject
Global
	GlobalSection(SolutionConfigurationPlatforms) = preSolution
		Debug|Any CPU = Debug|Any CPU
		Release|Any CPU = Release|Any CPU
	EndGlobalSection
	GlobalSection(ProjectConfigurationPlatforms) = postSolution
		{EF367BBF-4AD5-41DD-B77D-CEBF68C465CB}.Debug|Any CPU.ActiveCfg = Debug|Any CPU
		{EF367BBF-4AD5-41DD-B77D-CEBF68C465CB}.Debug|Any CPU.Build.0 = Debug|Any CPU
		{EF367BBF-4AD5-41DD-B77D-CEBF68C465CB}.Release|Any CPU.ActiveCfg = Release|Any CPU
		{EF367BBF-4AD5-41DD-B77D-CEBF68C465CB}.Release|Any CPU.Build.0 = Release|Any CPU
		{275BBEF4-CCDC-4236-B2B3-5C5A4285AC63}.Debug|Any CPU.ActiveCfg = Debug|Any CPU
		{275BBEF4-CCDC-4236-B2B3-5C5A4285AC63}.Debug|Any CPU.Build.0 = Debug|Any CPU
		{275BBEF4-CCDC-4236-B2B3-5C5A4285AC63}.Release|Any CPU.ActiveCfg = Release|Any CPU
		{275BBEF4-CCDC-4236-B2B3-5C5A4285AC63}.Release|Any CPU.Build.0 = Release|Any CPU
		{40BB26DA-8057-414D-B17F-2D287741A981}.Debug|Any CPU.ActiveCfg = Debug|Any CPU
		{40BB26DA-8057-414D-B17F-2D287741A981}.Debug|Any CPU.Build.0 = Debug|Any CPU
		{40BB26DA-8057-414D-B17F-2D287741A981}.Release|Any CPU.ActiveCfg = Release|Any CPU
		{40BB26DA-8057-414D-B17F-2D287741A981}.Release|Any CPU.Build.0 = Release|Any CPU
		{E209FA2C-0A18-48D6-BDE6-E21EA7F75569}.Debug|Any CPU.ActiveCfg = Debug|Any CPU
		{E209FA2C-0A18-48D6-BDE6-E21EA7F75569}.Debug|Any CPU.Build.0 = Debug|Any CPU
		{E209FA2C-0A18-48D6-BDE6-E21EA7F75569}.Release|Any CPU.ActiveCfg = Release|Any CPU
		{E209FA2C-0A18-48D6-BDE6-E21EA7F75569}.Release|Any CPU.Build.0 = Release|Any CPU
	EndGlobalSection
	GlobalSection(SolutionProperties) = preSolution
		HideSolutionNode = FALSE
	EndGlobalSection
	GlobalSection(ExtensibilityGlobals) = postSolution
		SolutionGuid = {82BD81D9-5A86-4138-85F3-F515442EE8E9}
	EndGlobalSection
EndGlobal
