
Microsoft Visual Studio Solution File, Format Version 12.00
# Visual Studio 15
VisualStudioVersion = 15.0.28307.421
MinimumVisualStudioVersion = 10.0.40219.1
Project("{9092AA53-FB77-4645-B42D-1CCCA6BD08BD}") = "IncrementCounter", "IncrementCounter\IncrementCounter.njsproj", "{353F68C8-DAA7-4517-AB0B-9097BFFBA1E9}"
EndProject
Project("{9092AA53-FB77-4645-B42D-1CCCA6BD08BD}") = "Timer", "Timer\Timer.njsproj", "{9ED4D492-EEBB-4F5D-91E1-B45C6230151E}"
EndProject
Project("{9092AA53-FB77-4645-B42D-1CCCA6BD08BD}") = "FormValidation", "FormValidation\FormValidation.njsproj", "{251F5682-1251-4D0E-B318-88753A041BDF}"
EndProject
Global
	GlobalSection(SolutionConfigurationPlatforms) = preSolution
		Debug|Any CPU = Debug|Any CPU
		Release|Any CPU = Release|Any CPU
	EndGlobalSection
	GlobalSection(ProjectConfigurationPlatforms) = postSolution
		{353F68C8-DAA7-4517-AB0B-9097BFFBA1E9}.Debug|Any CPU.ActiveCfg = Debug|Any CPU
		{353F68C8-DAA7-4517-AB0B-9097BFFBA1E9}.Debug|Any CPU.Build.0 = Debug|Any CPU
		{353F68C8-DAA7-4517-AB0B-9097BFFBA1E9}.Release|Any CPU.ActiveCfg = Release|Any CPU
		{353F68C8-DAA7-4517-AB0B-9097BFFBA1E9}.Release|Any CPU.Build.0 = Release|Any CPU
		{9ED4D492-EEBB-4F5D-91E1-B45C6230151E}.Debug|Any CPU.ActiveCfg = Debug|Any CPU
		{9ED4D492-EEBB-4F5D-91E1-B45C6230151E}.Debug|Any CPU.Build.0 = Debug|Any CPU
		{9ED4D492-EEBB-4F5D-91E1-B45C6230151E}.Release|Any CPU.ActiveCfg = Release|Any CPU
		{9ED4D492-EEBB-4F5D-91E1-B45C6230151E}.Release|Any CPU.Build.0 = Release|Any CPU
		{251F5682-1251-4D0E-B318-88753A041BDF}.Debug|Any CPU.ActiveCfg = Debug|Any CPU
		{251F5682-1251-4D0E-B318-88753A041BDF}.Debug|Any CPU.Build.0 = Debug|Any CPU
		{251F5682-1251-4D0E-B318-88753A041BDF}.Release|Any CPU.ActiveCfg = Release|Any CPU
		{251F5682-1251-4D0E-B318-88753A041BDF}.Release|Any CPU.Build.0 = Release|Any CPU
	EndGlobalSection
	GlobalSection(SolutionProperties) = preSolution
		HideSolutionNode = FALSE
	EndGlobalSection
	GlobalSection(ExtensibilityGlobals) = postSolution
		SolutionGuid = {41867793-6901-4A89-90C6-DDB539091236}
	EndGlobalSection
EndGlobal
