
Microsoft Visual Studio Solution File, Format Version 12.00
# Visual Studio 15
VisualStudioVersion = 15.0.28307.489
MinimumVisualStudioVersion = 10.0.40219.1
Project("{9092AA53-FB77-4645-B42D-1CCCA6BD08BD}") = "HolidayDestinations", "HolidayDestinations\HolidayDestinations.njsproj", "{94F73F24-B066-405C-8AF1-FCCAF89A933B}"
EndProject
Project("{9092AA53-FB77-4645-B42D-1CCCA6BD08BD}") = "Vacationer", "Vacationer\Vacationer.njsproj", "{21835944-EBD4-460C-B093-23CC72CDE474}"
EndProject
Project("{9092AA53-FB77-4645-B42D-1CCCA6BD08BD}") = "MakeReservation", "MakeReservation\MakeReservation.njsproj", "{D3C5CD3D-E4A5-456D-BA3C-9E7242517FB7}"
EndProject
Global
	GlobalSection(SolutionConfigurationPlatforms) = preSolution
		Debug|Any CPU = Debug|Any CPU
		Release|Any CPU = Release|Any CPU
	EndGlobalSection
	GlobalSection(ProjectConfigurationPlatforms) = postSolution
		{94F73F24-B066-405C-8AF1-FCCAF89A933B}.Debug|Any CPU.ActiveCfg = Debug|Any CPU
		{94F73F24-B066-405C-8AF1-FCCAF89A933B}.Debug|Any CPU.Build.0 = Debug|Any CPU
		{94F73F24-B066-405C-8AF1-FCCAF89A933B}.Release|Any CPU.ActiveCfg = Release|Any CPU
		{94F73F24-B066-405C-8AF1-FCCAF89A933B}.Release|Any CPU.Build.0 = Release|Any CPU
		{21835944-EBD4-460C-B093-23CC72CDE474}.Debug|Any CPU.ActiveCfg = Debug|Any CPU
		{21835944-EBD4-460C-B093-23CC72CDE474}.Debug|Any CPU.Build.0 = Debug|Any CPU
		{21835944-EBD4-460C-B093-23CC72CDE474}.Release|Any CPU.ActiveCfg = Release|Any CPU
		{21835944-EBD4-460C-B093-23CC72CDE474}.Release|Any CPU.Build.0 = Release|Any CPU
		{D3C5CD3D-E4A5-456D-BA3C-9E7242517FB7}.Debug|Any CPU.ActiveCfg = Debug|Any CPU
		{D3C5CD3D-E4A5-456D-BA3C-9E7242517FB7}.Debug|Any CPU.Build.0 = Debug|Any CPU
		{D3C5CD3D-E4A5-456D-BA3C-9E7242517FB7}.Release|Any CPU.ActiveCfg = Release|Any CPU
		{D3C5CD3D-E4A5-456D-BA3C-9E7242517FB7}.Release|Any CPU.Build.0 = Release|Any CPU
	EndGlobalSection
	GlobalSection(SolutionProperties) = preSolution
		HideSolutionNode = FALSE
	EndGlobalSection
	GlobalSection(ExtensibilityGlobals) = postSolution
		SolutionGuid = {6686878D-3E63-490A-AECA-56A1CB10DBFA}
	EndGlobalSection
EndGlobal
